
Microsoft Visual Studio Solution File, Format Version 12.00
# Visual Studio Version 16
VisualStudioVersion = 16.0.29911.84
MinimumVisualStudioVersion = 10.0.40219.1
Project("{FAE04EC0-301F-11D3-BF4B-00C04F79EFBC}") = "evernoteapp", "evernoteapp\evernoteapp.csproj", "{11B3330B-0D5C-4AAF-8BC5-B01D3F393553}"
EndProject
Global
	GlobalSection(SolutionConfigurationPlatforms) = preSolution
		Debug|Any CPU = Debug|Any CPU
		Release|Any CPU = Release|Any CPU
	EndGlobalSection
	GlobalSection(ProjectConfigurationPlatforms) = postSolution
		{11B3330B-0D5C-4AAF-8BC5-B01D3F393553}.Debug|Any CPU.ActiveCfg = Debug|Any CPU
		{11B3330B-0D5C-4AAF-8BC5-B01D3F393553}.Debug|Any CPU.Build.0 = Debug|Any CPU
		{11B3330B-0D5C-4AAF-8BC5-B01D3F393553}.Release|Any CPU.ActiveCfg = Release|Any CPU
		{11B3330B-0D5C-4AAF-8BC5-B01D3F393553}.Release|Any CPU.Build.0 = Release|Any CPU
	EndGlobalSection
	GlobalSection(SolutionProperties) = preSolution
		HideSolutionNode = FALSE
	EndGlobalSection
	GlobalSection(ExtensibilityGlobals) = postSolution
		SolutionGuid = {80719053-D1C0-48C3-B555-5B7B95AB5AC2}
	EndGlobalSection
EndGlobal
